{
  "name": "bbdgnc",
  "version": "1.0.0",
  "lockfileVersion": 1,
  "requires": true,
  "dependencies": {
    "smiles-drawer": {
      "version": "git+https://github.com/privrja/smilesDrawer.git#28100ea34a1bc8192d752e08efea63903afa7e1b",
      "from": "git+https://github.com/privrja/smilesDrawer.git"
    }
  }
}
