{
  "name": "bbdgnc",
  "version": "1.0.0",
  "lockfileVersion": 1,
  "requires": true,
  "dependencies": {
    "smiles-drawer": {
      "version": "git+https://github.com/privrja/smilesDrawer.git#cf5d840ce6a6cc60e399a8e14a84248d9e47115d",
      "from": "git+https://github.com/privrja/smilesDrawer.git"
    }
  }
}
