{
  "name": "bbdgnc",
  "version": "1.0.0",
  "lockfileVersion": 1,
  "requires": true,
  "dependencies": {
    "smiles-drawer": {
      "version": "git+https://github.com/privrja/smilesDrawer.git#0e79cdf6ad5a03ed60718560bc840fed7d2a86c9",
      "from": "git+https://github.com/privrja/smilesDrawer.git"
    }
  }
}
